{
  "name": "tree-sitter-http",
  "lockfileVersion": 3,
  "requires": true,
  "packages": {
    "": {
      "dependencies": {
        "tree-sitter-cli": "^0.25.4"
      }
    },
    "node_modules/tree-sitter-cli": {
      "version": "0.25.4",
      "resolved": "https://registry.npmjs.org/tree-sitter-cli/-/tree-sitter-cli-0.25.4.tgz",
      "integrity": "sha512-tSOgiUuNH1xgSopWHMb+2EPuzIawj7/7/k0cNTNInBde21R0e53ElygJ+76PLjai2BOjnCzy9n8W0o7Eo9GVgA==",
      "hasInstallScript": true,
      "license": "MIT",
      "bin": {
        "tree-sitter": "cli.js"
      },
      "engines": {
        "node": ">=12.0.0"
      }
    }
  }
}
